
Microsoft Visual Studio Solution File, Format Version 12.00
# Visual Studio 2012
Project("{FAE04EC0-301F-11D3-BF4B-00C04F79EFBC}") = "KinectNotifier", "KinectNotifier\KinectNotifier.csproj", "{1D005E02-51AB-44BD-9545-1238FCA0EA84}"
EndProject
Project("{FAE04EC0-301F-11D3-BF4B-00C04F79EFBC}") = "KinectNotifierClient", "KinectNotifierClient\KinectNotifierClient.csproj", "{06AD2531-B36B-4E55-83D5-4BA8437D8B7B}"
EndProject
Project("{FAE04EC0-301F-11D3-BF4B-00C04F79EFBC}") = "Web", "Web\Web.csproj", "{855ECD12-D3D3-4CE2-93E4-1D5405D9DF64}"
EndProject
Global
	GlobalSection(SolutionConfigurationPlatforms) = preSolution
		Debug|Any CPU = Debug|Any CPU
		Release|Any CPU = Release|Any CPU
	EndGlobalSection
	GlobalSection(ProjectConfigurationPlatforms) = postSolution
		{1D005E02-51AB-44BD-9545-1238FCA0EA84}.Debug|Any CPU.ActiveCfg = Debug|Any CPU
		{1D005E02-51AB-44BD-9545-1238FCA0EA84}.Debug|Any CPU.Build.0 = Debug|Any CPU
		{1D005E02-51AB-44BD-9545-1238FCA0EA84}.Release|Any CPU.ActiveCfg = Release|Any CPU
		{1D005E02-51AB-44BD-9545-1238FCA0EA84}.Release|Any CPU.Build.0 = Release|Any CPU
		{06AD2531-B36B-4E55-83D5-4BA8437D8B7B}.Debug|Any CPU.ActiveCfg = Debug|Any CPU
		{06AD2531-B36B-4E55-83D5-4BA8437D8B7B}.Debug|Any CPU.Build.0 = Debug|Any CPU
		{06AD2531-B36B-4E55-83D5-4BA8437D8B7B}.Release|Any CPU.ActiveCfg = Release|Any CPU
		{06AD2531-B36B-4E55-83D5-4BA8437D8B7B}.Release|Any CPU.Build.0 = Release|Any CPU
		{855ECD12-D3D3-4CE2-93E4-1D5405D9DF64}.Debug|Any CPU.ActiveCfg = Debug|Any CPU
		{855ECD12-D3D3-4CE2-93E4-1D5405D9DF64}.Debug|Any CPU.Build.0 = Debug|Any CPU
		{855ECD12-D3D3-4CE2-93E4-1D5405D9DF64}.Release|Any CPU.ActiveCfg = Release|Any CPU
		{855ECD12-D3D3-4CE2-93E4-1D5405D9DF64}.Release|Any CPU.Build.0 = Release|Any CPU
	EndGlobalSection
	GlobalSection(SolutionProperties) = preSolution
		HideSolutionNode = FALSE
	EndGlobalSection
EndGlobal
